
Microsoft Visual Studio Solution File, Format Version 12.00
# Visual Studio 2012
Project("{FAE04EC0-301F-11D3-BF4B-00C04F79EFBC}") = "CIS375 Warehouse Management", "CIS375 Warehouse Management\CIS375 Warehouse Management.csproj", "{6744ECCE-2EEA-4FA6-A48D-F75B51CD4B5C}"
EndProject
Global
	GlobalSection(SolutionConfigurationPlatforms) = preSolution
		Debug|Any CPU = Debug|Any CPU
		Release|Any CPU = Release|Any CPU
	EndGlobalSection
	GlobalSection(ProjectConfigurationPlatforms) = postSolution
		{6744ECCE-2EEA-4FA6-A48D-F75B51CD4B5C}.Debug|Any CPU.ActiveCfg = Debug|Any CPU
		{6744ECCE-2EEA-4FA6-A48D-F75B51CD4B5C}.Debug|Any CPU.Build.0 = Debug|Any CPU
		{6744ECCE-2EEA-4FA6-A48D-F75B51CD4B5C}.Release|Any CPU.ActiveCfg = Release|Any CPU
		{6744ECCE-2EEA-4FA6-A48D-F75B51CD4B5C}.Release|Any CPU.Build.0 = Release|Any CPU
	EndGlobalSection
	GlobalSection(SolutionProperties) = preSolution
		HideSolutionNode = FALSE
	EndGlobalSection
EndGlobal
